
Microsoft Visual Studio Solution File, Format Version 12.00
# Visual Studio Version 17
VisualStudioVersion = 17.14.36511.14 d17.14
MinimumVisualStudioVersion = 10.0.40219.1
Project("{FAE04EC0-301F-11D3-BF4B-00C04F79EFBC}") = "ExerciseFour", "ExerciseFour\ExerciseFour.csproj", "{70C049D4-CF92-4116-928E-996BEF2A0CBB}"
EndProject
Global
	GlobalSection(SolutionConfigurationPlatforms) = preSolution
		Debug|Any CPU = Debug|Any CPU
		Release|Any CPU = Release|Any CPU
	EndGlobalSection
	GlobalSection(ProjectConfigurationPlatforms) = postSolution
		{70C049D4-CF92-4116-928E-996BEF2A0CBB}.Debug|Any CPU.ActiveCfg = Debug|Any CPU
		{70C049D4-CF92-4116-928E-996BEF2A0CBB}.Debug|Any CPU.Build.0 = Debug|Any CPU
		{70C049D4-CF92-4116-928E-996BEF2A0CBB}.Release|Any CPU.ActiveCfg = Release|Any CPU
		{70C049D4-CF92-4116-928E-996BEF2A0CBB}.Release|Any CPU.Build.0 = Release|Any CPU
	EndGlobalSection
	GlobalSection(SolutionProperties) = preSolution
		HideSolutionNode = FALSE
	EndGlobalSection
	GlobalSection(ExtensibilityGlobals) = postSolution
		SolutionGuid = {BB321CA8-BF57-4E9F-874A-AAF19DB8C63C}
	EndGlobalSection
EndGlobal
